// !$*UTF8*$!
{
	archiveVersion = 1;
	classes = {
	};
	objectVersion = 51;
	objects = {

/* Begin PBXBuildFile section */
		01258AC06686A02EF0948E9E /* Pods_RealmTodo.framework in Frameworks */ = {isa = PBXBuildFile; fileRef = A77F5857E934F98588834807 /* Pods_RealmTodo.framework */; };
		7D8874C822EFEB77004D5415 /* AppDelegate.swift in Sources */ = {isa = PBXBuildFile; fileRef = 7D8874C722EFEB77004D5415 /* AppDelegate.swift */; };
		7D8874CA22EFEB77004D5415 /* ViewController.swift in Sources */ = {isa = PBXBuildFile; fileRef = 7D8874C922EFEB77004D5415 /* ViewController.swift */; };
		7D8874CD22EFEB77004D5415 /* Main.storyboard in Resources */ = {isa = PBXBuildFile; fileRef = 7D8874CB22EFEB77004D5415 /* Main.storyboard */; };
		7D8874CF22EFEB79004D5415 /* Assets.xcassets in Resources */ = {isa = PBXBuildFile; fileRef = 7D8874CE22EFEB79004D5415 /* Assets.xcassets */; };
		7D8874D222EFEB79004D5415 /* LaunchScreen.storyboard in Resources */ = {isa = PBXBuildFile; fileRef = 7D8874D022EFEB79004D5415 /* LaunchScreen.storyboard */; };
		7DE8862422EFF09F0082B2C2 /* InputViewController.swift in Sources */ = {isa = PBXBuildFile; fileRef = 7DE8862322EFF09F0082B2C2 /* InputViewController.swift */; };
		7DE8862622EFF0DB0082B2C2 /* Todo.swift in Sources */ = {isa = PBXBuildFile; fileRef = 7DE8862522EFF0DB0082B2C2 /* Todo.swift */; };
/* End PBXBuildFile section */

/* Begin PBXFileReference section */
		02A25EA8AB2BD72A05D89241 /* Pods-RealmTodo.release.xcconfig */ = {isa = PBXFileReference; includeInIndex = 1; lastKnownFileType = text.xcconfig; name = "Pods-RealmTodo.release.xcconfig"; path = "Target Support Files/Pods-RealmTodo/Pods-RealmTodo.release.xcconfig"; sourceTree = "<group>"; };
		7D8874C422EFEB77004D5415 /* RealmTodo.app */ = {isa = PBXFileReference; explicitFileType = wrapper.application; includeInIndex = 0; path = RealmTodo.app; sourceTree = BUILT_PRODUCTS_DIR; };
		7D8874C722EFEB77004D5415 /* AppDelegate.swift */ = {isa = PBXFileReference; lastKnownFileType = sourcecode.swift; path = AppDelegate.swift; sourceTree = "<group>"; };
		7D8874C922EFEB77004D5415 /* ViewController.swift */ = {isa = PBXFileReference; lastKnownFileType = sourcecode.swift; path = ViewController.swift; sourceTree = "<group>"; };
		7D8874CC22EFEB77004D5415 /* Base */ = {isa = PBXFileReference; lastKnownFileType = file.storyboard; name = Base; path = Base.lproj/Main.storyboard; sourceTree = "<group>"; };
		7D8874CE22EFEB79004D5415 /* Assets.xcassets */ = {isa = PBXFileReference; lastKnownFileType = folder.assetcatalog; path = Assets.xcassets; sourceTree = "<group>"; };
		7D8874D122EFEB79004D5415 /* Base */ = {isa = PBXFileReference; lastKnownFileType = file.storyboard; name = Base; path = Base.lproj/LaunchScreen.storyboard; sourceTree = "<group>"; };
		7D8874D322EFEB79004D5415 /* Info.plist */ = {isa = PBXFileReference; lastKnownFileType = text.plist.xml; path = Info.plist; sourceTree = "<group>"; };
		7DE8862322EFF09F0082B2C2 /* InputViewController.swift */ = {isa = PBXFileReference; lastKnownFileType = sourcecode.swift; path = InputViewController.swift; sourceTree = "<group>"; };
		7DE8862522EFF0DB0082B2C2 /* Todo.swift */ = {isa = PBXFileReference; lastKnownFileType = sourcecode.swift; path = Todo.swift; sourceTree = "<group>"; };
		8F44EEC802AF1B56302C0F36 /* Pods-RealmTodo.debug.xcconfig */ = {isa = PBXFileReference; includeInIndex = 1; lastKnownFileType = text.xcconfig; name = "Pods-RealmTodo.debug.xcconfig"; path = "Target Support Files/Pods-RealmTodo/Pods-RealmTodo.debug.xcconfig"; sourceTree = "<group>"; };
		A77F5857E934F98588834807 /* Pods_RealmTodo.framework */ = {isa = PBXFileReference; explicitFileType = wrapper.framework; includeInIndex = 0; path = Pods_RealmTodo.framework; sourceTree = BUILT_PRODUCTS_DIR; };
/* End PBXFileReference section */

/* Begin PBXFrameworksBuildPhase section */
		7D8874C122EFEB77004D5415 /* Frameworks */ = {
			isa = PBXFrameworksBuildPhase;
			buildActionMask = 2147483647;
			files = (
				01258AC06686A02EF0948E9E /* Pods_RealmTodo.framework in Frameworks */,
			);
			runOnlyForDeploymentPostprocessing = 0;
		};
/* End PBXFrameworksBuildPhase section */

/* Begin PBXGroup section */
		24A57531AA43E78D429D6779 /* Pods */ = {
			isa = PBXGroup;
			children = (
				8F44EEC802AF1B56302C0F36 /* Pods-RealmTodo.debug.xcconfig */,
				02A25EA8AB2BD72A05D89241 /* Pods-RealmTodo.release.xcconfig */,
			);
			path = Pods;
			sourceTree = "<group>";
		};
		7D8874BB22EFEB77004D5415 = {
			isa = PBXGroup;
			children = (
				7D8874C622EFEB77004D5415 /* RealmTodo */,
				7D8874C522EFEB77004D5415 /* Products */,
				24A57531AA43E78D429D6779 /* Pods */,
				AC2D2D18BBFF53C5730AEDFD /* Frameworks */,
			);
			sourceTree = "<group>";
		};
		7D8874C522EFEB77004D5415 /* Products */ = {
			isa = PBXGroup;
			children = (
				7D8874C422EFEB77004D5415 /* RealmTodo.app */,
			);
			name = Products;
			sourceTree = "<group>";
		};
		7D8874C622EFEB77004D5415 /* RealmTodo */ = {
			isa = PBXGroup;
			children = (
				7DE8862822EFF1790082B2C2 /* Objects */,
				7DE8862722EFF13C0082B2C2 /* Controllers */,
				7D8874C722EFEB77004D5415 /* AppDelegate.swift */,
				7D8874CB22EFEB77004D5415 /* Main.storyboard */,
				7D8874CE22EFEB79004D5415 /* Assets.xcassets */,
				7D8874D022EFEB79004D5415 /* LaunchScreen.storyboard */,
				7D8874D322EFEB79004D5415 /* Info.plist */,
			);
			path = RealmTodo;
			sourceTree = "<group>";
		};
		7DE8862722EFF13C0082B2C2 /* Controllers */ = {
			isa = PBXGroup;
			children = (
				7DE8862322EFF09F0082B2C2 /* InputViewController.swift */,
				7D8874C922EFEB77004D5415 /* ViewController.swift */,
			);
			path = Controllers;
			sourceTree = "<group>";
		};
		7DE8862822EFF1790082B2C2 /* Objects */ = {
			isa = PBXGroup;
			children = (
				7DE8862522EFF0DB0082B2C2 /* Todo.swift */,
			);
			path = Objects;
			sourceTree = "<group>";
		};
		AC2D2D18BBFF53C5730AEDFD /* Frameworks */ = {
			isa = PBXGroup;
			children = (
				A77F5857E934F98588834807 /* Pods_RealmTodo.framework */,
			);
			name = Frameworks;
			sourceTree = "<group>";
		};
/* End PBXGroup section */

/* Begin PBXNativeTarget section */
		7D8874C322EFEB77004D5415 /* RealmTodo */ = {
			isa = PBXNativeTarget;
			buildConfigurationList = 7D8874D622EFEB79004D5415 /* Build configuration list for PBXNativeTarget "RealmTodo" */;
			buildPhases = (
				1368D6C43C799466C10E34E3 /* [CP] Check Pods Manifest.lock */,
				7D8874C022EFEB77004D5415 /* Sources */,
				7D8874C122EFEB77004D5415 /* Frameworks */,
				7D8874C222EFEB77004D5415 /* Resources */,
				9B45CAB60660CCCCBB85FD36 /* [CP] Embed Pods Frameworks */,
			);
			buildRules = (
			);
			dependencies = (
			);
			name = RealmTodo;
			productName = RealmTodo;
			productReference = 7D8874C422EFEB77004D5415 /* RealmTodo.app */;
			productType = "com.apple.product-type.application";
		};
/* End PBXNativeTarget section */

/* Begin PBXProject section */
		7D8874BC22EFEB77004D5415 /* Project object */ = {
			isa = PBXProject;
			attributes = {
				LastSwiftUpdateCheck = 1020;
				LastUpgradeCheck = 1020;
				ORGANIZATIONNAME = "比嘉幹樹";
				TargetAttributes = {
					7D8874C322EFEB77004D5415 = {
						CreatedOnToolsVersion = 10.2.1;
					};
				};
			};
			buildConfigurationList = 7D8874BF22EFEB77004D5415 /* Build configuration list for PBXProject "RealmTodo" */;
			compatibilityVersion = "Xcode 9.3";
			developmentRegion = en;
			hasScannedForEncodings = 0;
			knownRegions = (
				en,
				Base,
			);
			mainGroup = 7D8874BB22EFEB77004D5415;
			productRefGroup = 7D8874C522EFEB77004D5415 /* Products */;
			projectDirPath = "";
			projectRoot = "";
			targets = (
				7D8874C322EFEB77004D5415 /* RealmTodo */,
			);
		};
/* End PBXProject section */

/* Begin PBXResourcesBuildPhase section */
		7D8874C222EFEB77004D5415 /* Resources */ = {
			isa = PBXResourcesBuildPhase;
			buildActionMask = 2147483647;
			files = (
				7D8874D222EFEB79004D5415 /* LaunchScreen.storyboard in Resources */,
				7D8874CF22EFEB79004D5415 /* Assets.xcassets in Resources */,
				7D8874CD22EFEB77004D5415 /* Main.storyboard in Resources */,
			);
			runOnlyForDeploymentPostprocessing = 0;
		};
/* End PBXResourcesBuildPhase section */

/* Begin PBXShellScriptBuildPhase section */
		1368D6C43C799466C10E34E3 /* [CP] Check Pods Manifest.lock */ = {
			isa = PBXShellScriptBuildPhase;
			buildActionMask = 2147483647;
			files = (
			);
			inputFileListPaths = (
			);
			inputPaths = (
				"${PODS_PODFILE_DIR_PATH}/Podfile.lock",
				"${PODS_ROOT}/Manifest.lock",
			);
			name = "[CP] Check Pods Manifest.lock";
			outputFileListPaths = (
			);
			outputPaths = (
				"$(DERIVED_FILE_DIR)/Pods-RealmTodo-checkManifestLockResult.txt",
			);
			runOnlyForDeploymentPostprocessing = 0;
			shellPath = /bin/sh;
			shellScript = "diff \"${PODS_PODFILE_DIR_PATH}/Podfile.lock\" \"${PODS_ROOT}/Manifest.lock\" > /dev/null\nif [ $? != 0 ] ; then\n    # print error to STDERR\n    echo \"error: The sandbox is not in sync with the Podfile.lock. Run 'pod install' or update your CocoaPods installation.\" >&2\n    exit 1\nfi\n# This output is used by Xcode 'outputs' to avoid re-running this script phase.\necho \"SUCCESS\" > \"${SCRIPT_OUTPUT_FILE_0}\"\n";
			showEnvVarsInLog = 0;
		};
		9B45CAB60660CCCCBB85FD36 /* [CP] Embed Pods Frameworks */ = {
			isa = PBXShellScriptBuildPhase;
			buildActionMask = 2147483647;
			files = (
			);
			inputFileListPaths = (
				"${PODS_ROOT}/Target Support Files/Pods-RealmTodo/Pods-RealmTodo-frameworks-${CONFIGURATION}-input-files.xcfilelist",
			);
			name = "[CP] Embed Pods Frameworks";
			outputFileListPaths = (
				"${PODS_ROOT}/Target Support Files/Pods-RealmTodo/Pods-RealmTodo-frameworks-${CONFIGURATION}-output-files.xcfilelist",
			);
			runOnlyForDeploymentPostprocessing = 0;
			shellPath = /bin/sh;
			shellScript = "\"${PODS_ROOT}/Target Support Files/Pods-RealmTodo/Pods-RealmTodo-frameworks.sh\"\n";
			showEnvVarsInLog = 0;
		};
/* End PBXShellScriptBuildPhase section */

/* Begin PBXSourcesBuildPhase section */
		7D8874C022EFEB77004D5415 /* Sources */ = {
			isa = PBXSourcesBuildPhase;
			buildActionMask = 2147483647;
			files = (
				7DE8862422EFF09F0082B2C2 /* InputViewController.swift in Sources */,
				7D8874CA22EFEB77004D5415 /* ViewController.swift in Sources */,
				7D8874C822EFEB77004D5415 /* AppDelegate.swift in Sources */,
				7DE8862622EFF0DB0082B2C2 /* Todo.swift in Sources */,
			);
			runOnlyForDeploymentPostprocessing = 0;
		};
/* End PBXSourcesBuildPhase section */

/* Begin PBXVariantGroup section */
		7D8874CB22EFEB77004D5415 /* Main.storyboard */ = {
			isa = PBXVariantGroup;
			children = (
				7D8874CC22EFEB77004D5415 /* Base */,
			);
			name = Main.storyboard;
			sourceTree = "<group>";
		};
		7D8874D022EFEB79004D5415 /* LaunchScreen.storyboard */ = {
			isa = PBXVariantGroup;
			children = (
				7D8874D122EFEB79004D5415 /* Base */,
			);
			name = LaunchScreen.storyboard;
			sourceTree = "<group>";
		};
/* End PBXVariantGroup section */

/* Begin XCBuildConfiguration section */
		7D8874D422EFEB79004D5415 /* Debug */ = {
			isa = XCBuildConfiguration;
			buildSettings = {
				ALWAYS_SEARCH_USER_PATHS = NO;
				CLANG_ANALYZER_NONNULL = YES;
				CLANG_ANALYZER_NUMBER_OBJECT_CONVERSION = YES_AGGRESSIVE;
				CLANG_CXX_LANGUAGE_STANDARD = "gnu++14";
				CLANG_CXX_LIBRARY = "libc++";
				CLANG_ENABLE_MODULES = YES;
				CLANG_ENABLE_OBJC_ARC = YES;
				CLANG_ENABLE_OBJC_WEAK = YES;
				CLANG_WARN_BLOCK_CAPTURE_AUTORELEASING = YES;
				CLANG_WARN_BOOL_CONVERSION = YES;
				CLANG_WARN_COMMA = YES;
				CLANG_WARN_CONSTANT_CONVERSION = YES;
				CLANG_WARN_DEPRECATED_OBJC_IMPLEMENTATIONS = YES;
				CLANG_WARN_DIRECT_OBJC_ISA_USAGE = YES_ERROR;
				CLANG_WARN_DOCUMENTATION_COMMENTS = YES;
				CLANG_WARN_EMPTY_BODY = YES;
				CLANG_WARN_ENUM_CONVERSION = YES;
				CLANG_WARN_INFINITE_RECURSION = YES;
				CLANG_WARN_INT_CONVERSION = YES;
				CLANG_WARN_NON_LITERAL_NULL_CONVERSION = YES;
				CLANG_WARN_OBJC_IMPLICIT_RETAIN_SELF = YES;
				CLANG_WARN_OBJC_LITERAL_CONVERSION = YES;
				CLANG_WARN_OBJC_ROOT_CLASS = YES_ERROR;
				CLANG_WARN_RANGE_LOOP_ANALYSIS = YES;
				CLANG_WARN_STRICT_PROTOTYPES = YES;
				CLANG_WARN_SUSPICIOUS_MOVE = YES;
				CLANG_WARN_UNGUARDED_AVAILABILITY = YES_AGGRESSIVE;
				CLANG_WARN_UNREACHABLE_CODE = YES;
				CLANG_WARN__DUPLICATE_METHOD_MATCH = YES;
				CODE_SIGN_IDENTITY = "iPhone Developer";
				COPY_PHASE_STRIP = NO;
				DEBUG_INFORMATION_FORMAT = dwarf;
				ENABLE_STRICT_OBJC_MSGSEND = YES;
				ENABLE_TESTABILITY = YES;
				GCC_C_LANGUAGE_STANDARD = gnu11;
				GCC_DYNAMIC_NO_PIC = NO;
				GCC_NO_COMMON_BLOCKS = YES;
				GCC_OPTIMIZATION_LEVEL = 0;
				GCC_PREPROCESSOR_DEFINITIONS = (
					"DEBUG=1",
					"$(inherited)",
				);
				GCC_WARN_64_TO_32_BIT_CONVERSION = YES;
				GCC_WARN_ABOUT_RETURN_TYPE = YES_ERROR;
				GCC_WARN_UNDECLARED_SELECTOR = YES;
				GCC_WARN_UNINITIALIZED_AUTOS = YES_AGGRESSIVE;
				GCC_WARN_UNUSED_FUNCTION = YES;
				GCC_WARN_UNUSED_VARIABLE = YES;
				IPHONEOS_DEPLOYMENT_TARGET = 12.2;
				MTL_ENABLE_DEBUG_INFO = INCLUDE_SOURCE;
				MTL_FAST_MATH = YES;
				ONLY_ACTIVE_ARCH = YES;
				SDKROOT = iphoneos;
				SWIFT_ACTIVE_COMPILATION_CONDITIONS = DEBUG;
				SWIFT_OPTIMIZATION_LEVEL = "-Onone";
			};
			name = Debug;
		};
		7D8874D522EFEB79004D5415 /* Release */ = {
			isa = XCBuildConfiguration;
			buildSettings = {
				ALWAYS_SEARCH_USER_PATHS = NO;
				CLANG_ANALYZER_NONNULL = YES;
				CLANG_ANALYZER_NUMBER_OBJECT_CONVERSION = YES_AGGRESSIVE;
				CLANG_CXX_LANGUAGE_STANDARD = "gnu++14";
				CLANG_CXX_LIBRARY = "libc++";
				CLANG_ENABLE_MODULES = YES;
				CLANG_ENABLE_OBJC_ARC = YES;
				CLANG_ENABLE_OBJC_WEAK = YES;
				CLANG_WARN_BLOCK_CAPTURE_AUTORELEASING = YES;
				CLANG_WARN_BOOL_CONVERSION = YES;
				CLANG_WARN_COMMA = YES;
				CLANG_WARN_CONSTANT_CONVERSION = YES;
				CLANG_WARN_DEPRECATED_OBJC_IMPLEMENTATIONS = YES;
				CLANG_WARN_DIRECT_OBJC_ISA_USAGE = YES_ERROR;
				CLANG_WARN_DOCUMENTATION_COMMENTS = YES;
				CLANG_WARN_EMPTY_BODY = YES;
				CLANG_WARN_ENUM_CONVERSION = YES;
				CLANG_WARN_INFINITE_RECURSION = YES;
				CLANG_WARN_INT_CONVERSION = YES;
				CLANG_WARN_NON_LITERAL_NULL_CONVERSION = YES;
				CLANG_WARN_OBJC_IMPLICIT_RETAIN_SELF = YES;
				CLANG_WARN_OBJC_LITERAL_CONVERSION = YES;
				CLANG_WARN_OBJC_ROOT_CLASS = YES_ERROR;
				CLANG_WARN_RANGE_LOOP_ANALYSIS = YES;
				CLANG_WARN_STRICT_PROTOTYPES = YES;
				CLANG_WARN_SUSPICIOUS_MOVE = YES;
				CLANG_WARN_UNGUARDED_AVAILABILITY = YES_AGGRESSIVE;
				CLANG_WARN_UNREACHABLE_CODE = YES;
				CLANG_WARN__DUPLICATE_METHOD_MATCH = YES;
				CODE_SIGN_IDENTITY = "iPhone Developer";
				COPY_PHASE_STRIP = NO;
				DEBUG_INFORMATION_FORMAT = "dwarf-with-dsym";
				ENABLE_NS_ASSERTIONS = NO;
				ENABLE_STRICT_OBJC_MSGSEND = YES;
				GCC_C_LANGUAGE_STANDARD = gnu11;
				GCC_NO_COMMON_BLOCKS = YES;
				GCC_WARN_64_TO_32_BIT_CONVERSION = YES;
				GCC_WARN_ABOUT_RETURN_TYPE = YES_ERROR;
				GCC_WARN_UNDECLARED_SELECTOR = YES;
				GCC_WARN_UNINITIALIZED_AUTOS = YES_AGGRESSIVE;
				GCC_WARN_UNUSED_FUNCTION = YES;
				GCC_WARN_UNUSED_VARIABLE = YES;
				IPHONEOS_DEPLOYMENT_TARGET = 12.2;
				MTL_ENABLE_DEBUG_INFO = NO;
				MTL_FAST_MATH = YES;
				SDKROOT = iphoneos;
				SWIFT_COMPILATION_MODE = wholemodule;
				SWIFT_OPTIMIZATION_LEVEL = "-O";
				VALIDATE_PRODUCT = YES;
			};
			name = Release;
		};
		7D8874D722EFEB79004D5415 /* Debug */ = {
			isa = XCBuildConfiguration;
			baseConfigurationReference = 8F44EEC802AF1B56302C0F36 /* Pods-RealmTodo.debug.xcconfig */;
			buildSettings = {
				ASSETCATALOG_COMPILER_APPICON_NAME = AppIcon;
				CODE_SIGN_STYLE = Automatic;
				DEVELOPMENT_TEAM = P7397529PZ;
				INFOPLIST_FILE = RealmTodo/Info.plist;
				LD_RUNPATH_SEARCH_PATHS = (
					"$(inherited)",
					"@executable_path/Frameworks",
				);
				PRODUCT_BUNDLE_IDENTIFIER = com.example.RealmTodo;
				PRODUCT_NAME = "$(TARGET_NAME)";
				SWIFT_VERSION = 5.0;
				TARGETED_DEVICE_FAMILY = "1,2";
			};
			name = Debug;
		};
		7D8874D822EFEB79004D5415 /* Release */ = {
			isa = XCBuildConfiguration;
			baseConfigurationReference = 02A25EA8AB2BD72A05D89241 /* Pods-RealmTodo.release.xcconfig */;
			buildSettings = {
				ASSETCATALOG_COMPILER_APPICON_NAME = AppIcon;
				CODE_SIGN_STYLE = Automatic;
				DEVELOPMENT_TEAM = P7397529PZ;
				INFOPLIST_FILE = RealmTodo/Info.plist;
				LD_RUNPATH_SEARCH_PATHS = (
					"$(inherited)",
					"@executable_path/Frameworks",
				);
				PRODUCT_BUNDLE_IDENTIFIER = com.example.RealmTodo;
				PRODUCT_NAME = "$(TARGET_NAME)";
				SWIFT_VERSION = 5.0;
				TARGETED_DEVICE_FAMILY = "1,2";
			};
			name = Release;
		};
/* End XCBuildConfiguration section */

/* Begin XCConfigurationList section */
		7D8874BF22EFEB77004D5415 /* Build configuration list for PBXProject "RealmTodo" */ = {
			isa = XCConfigurationList;
			buildConfigurations = (
				7D8874D422EFEB79004D5415 /* Debug */,
				7D8874D522EFEB79004D5415 /* Release */,
			);
			defaultConfigurationIsVisible = 0;
			defaultConfigurationName = Release;
		};
		7D8874D622EFEB79004D5415 /* Build configuration list for PBXNativeTarget "RealmTodo" */ = {
			isa = XCConfigurationList;
			buildConfigurations = (
				7D8874D722EFEB79004D5415 /* Debug */,
				7D8874D822EFEB79004D5415 /* Release */,
			);
			defaultConfigurationIsVisible = 0;
			defaultConfigurationName = Release;
		};
/* End XCConfigurationList section */
	};
	rootObject = 7D8874BC22EFEB77004D5415 /* Project object */;
}
